
Microsoft Visual Studio Solution File, Format Version 12.00
# Visual Studio Version 16
VisualStudioVersion = 16.0.29306.81
MinimumVisualStudioVersion = 10.0.40219.1
Project("{FAE04EC0-301F-11D3-BF4B-00C04F79EFBC}") = "CalculoMedia", "CalculoMedia\CalculoMedia.csproj", "{35F587F0-7C97-4BD7-A16E-1358FE2DD69A}"
EndProject
Global
	GlobalSection(SolutionConfigurationPlatforms) = preSolution
		Debug|Any CPU = Debug|Any CPU
		Release|Any CPU = Release|Any CPU
	EndGlobalSection
	GlobalSection(ProjectConfigurationPlatforms) = postSolution
		{35F587F0-7C97-4BD7-A16E-1358FE2DD69A}.Debug|Any CPU.ActiveCfg = Debug|Any CPU
		{35F587F0-7C97-4BD7-A16E-1358FE2DD69A}.Debug|Any CPU.Build.0 = Debug|Any CPU
		{35F587F0-7C97-4BD7-A16E-1358FE2DD69A}.Release|Any CPU.ActiveCfg = Release|Any CPU
		{35F587F0-7C97-4BD7-A16E-1358FE2DD69A}.Release|Any CPU.Build.0 = Release|Any CPU
	EndGlobalSection
	GlobalSection(SolutionProperties) = preSolution
		HideSolutionNode = FALSE
	EndGlobalSection
	GlobalSection(ExtensibilityGlobals) = postSolution
		SolutionGuid = {9EF57487-788B-4172-AB17-694A8AB2160F}
	EndGlobalSection
EndGlobal
